PODS:
  - Ably (1.2.10):
    - AblyDeltaCodec (= 1.3.2)
    - msgpack (= 0.4.0)
  - ably_flutter (1.2.12):
    - Ably (= 1.2.10)
    - Flutter
  - AblyDeltaCodec (1.3.2)
  - device_info_plus (0.0.1):
    - Flutter
  - Flutter (1.0.0)
  - flutter_local_notifications (0.0.1):
    - Flutter
  - fluttertoast (0.0.2):
    - Flutter
    - Toast
  - msgpack (0.4.0)
  - Toast (4.0.0)

DEPENDENCIES:
  - ably_flutter (from `.symlinks/plugins/ably_flutter/ios`)
  - device_info_plus (from `.symlinks/plugins/device_info_plus/ios`)
  - Flutter (from `Flutter`)
  - flutter_local_notifications (from `.symlinks/plugins/flutter_local_notifications/ios`)
  - fluttertoast (from `.symlinks/plugins/fluttertoast/ios`)

SPEC REPOS:
  trunk:
    - Ably
    - AblyDeltaCodec
    - msgpack
    - Toast

EXTERNAL SOURCES:
  ably_flutter:
    :path: ".symlinks/plugins/ably_flutter/ios"
  device_info_plus:
    :path: ".symlinks/plugins/device_info_plus/ios"
  Flutter:
    :path: Flutter
  flutter_local_notifications:
    :path: ".symlinks/plugins/flutter_local_notifications/ios"
  fluttertoast:
    :path: ".symlinks/plugins/fluttertoast/ios"

SPEC CHECKSUMS:
  Ably: 80be962e2e87bac69727a26ba72b868c8e86288e
  ably_flutter: 58e77425513305575c53a703eed58fd0a41dae98
  AblyDeltaCodec: 783d017270de70bbbc0a84e4235297b225d33636
  device_info_plus: e5c5da33f982a436e103237c0c85f9031142abed
  Flutter: 50d75fe2f02b26cc09d224853bb45737f8b3214a
  flutter_local_notifications: 0c0b1ae97e741e1521e4c1629a459d04b9aec743
  fluttertoast: 6122fa75143e992b1d3470f61000f591a798cc58
  msgpack: c85f6251873059738472ae136951cec5f30f3251
  Toast: 91b396c56ee72a5790816f40d3a94dd357abc196

PODFILE CHECKSUM: fe0e1ee7f3d1f7d00b11b474b62dd62134535aea

COCOAPODS: 1.11.2
