PODS:
  - Ably (1.2.29):
    - AblyDeltaCodec (= 1.3.3)
    - msgpack (= 0.4.0)
  - ably_flutter (1.2.29):
    - Ably (= 1.2.29)
    - Flutter
  - AblyDeltaCodec (1.3.3)
  - Flutter (1.0.0)
  - msgpack (0.4.0)

DEPENDENCIES:
  - ably_flutter (from `.symlinks/plugins/ably_flutter/ios`)
  - Flutter (from `Flutter`)

SPEC REPOS:
  trunk:
    - Ably
    - AblyDeltaCodec
    - msgpack

EXTERNAL SOURCES:
  ably_flutter:
    :path: ".symlinks/plugins/ably_flutter/ios"
  Flutter:
    :path: Flutter

SPEC CHECKSUMS:
  Ably: 2a5dc2bbb7a3fe65447f4791237264795c470b8e
  ably_flutter: 673619b9109d14b770de602d84f70d6fbd0e91cc
  AblyDeltaCodec: add5d06a756b3581b12aab5b5500a320b8c55bea
  Flutter: f04841e97a9d0b0a8025694d0796dd46242b2854
  msgpack: c85f6251873059738472ae136951cec5f30f3251

PODFILE CHECKSUM: f2c6cc511583caab2c65ac3f5766428391d93d34

COCOAPODS: 1.14.3
